
Microsoft Visual Studio Solution File, Format Version 12.00
# Visual Studio Version 16
VisualStudioVersion = 16.0.30621.155
MinimumVisualStudioVersion = 10.0.40219.1
Project("{FAE04EC0-301F-11D3-BF4B-00C04F79EFBC}") = "PrintNameClass", "PrintNameClass\PrintNameClass.csproj", "{9128C155-56AB-40EE-B992-AFFC439C84CA}"
EndProject
Global
	GlobalSection(SolutionConfigurationPlatforms) = preSolution
		Debug|Any CPU = Debug|Any CPU
		Release|Any CPU = Release|Any CPU
	EndGlobalSection
	GlobalSection(ProjectConfigurationPlatforms) = postSolution
		{9128C155-56AB-40EE-B992-AFFC439C84CA}.Debug|Any CPU.ActiveCfg = Debug|Any CPU
		{9128C155-56AB-40EE-B992-AFFC439C84CA}.Debug|Any CPU.Build.0 = Debug|Any CPU
		{9128C155-56AB-40EE-B992-AFFC439C84CA}.Release|Any CPU.ActiveCfg = Release|Any CPU
		{9128C155-56AB-40EE-B992-AFFC439C84CA}.Release|Any CPU.Build.0 = Release|Any CPU
	EndGlobalSection
	GlobalSection(SolutionProperties) = preSolution
		HideSolutionNode = FALSE
	EndGlobalSection
	GlobalSection(ExtensibilityGlobals) = postSolution
		SolutionGuid = {1CE439F6-01E7-4D15-8F09-64ADD9CC33B8}
	EndGlobalSection
EndGlobal
